<?xml version="1.0" encoding="utf-8"?>
<Project ToolsVersion="4.0" xmlns="http://schemas.microsoft.com/developer/msbuild/2003">
  <ItemGroup>
    <Filter Include="Source Files">
      <UniqueIdentifier>{4FC737F1-C7A5-4376-A066-2A32D752A2FF}</UniqueIdentifier>
      <Extensions>cpp;c;cc;cxx;def;odl;idl;hpj;bat;asm;asmx</Extensions>
    </Filter>
    <Filter Include="Header Files">
      <UniqueIdentifier>{93995380-89BD-4b04-88EB-625FBE52EBFB}</UniqueIdentifier>
      <Extensions>h;hh;hpp;hxx;hm;inl;inc;ipp;xsd</Extensions>
    </Filter>
    <Filter Include="Resource Files">
      <UniqueIdentifier>{67DA6AB6-F800-4c08-8B7A-83BB121AAD01}</UniqueIdentifier>
      <Extensions>rc;ico;cur;bmp;dlg;rc2;rct;bin;rgs;gif;jpg;jpeg;jpe;resx;tiff;tif;png;wav;mfcribbon-ms</Extensions>
    </Filter>
    <Filter Include="Header Files\EventManager">
      <UniqueIdentifier>{f1ad6db8-7c88-41c2-ba7e-fadd56125a57}</UniqueIdentifier>
    </Filter>
    <Filter Include="Source Files\EventManager">
      <UniqueIdentifier>{b4a4a4bf-a9a6-49a0-8230-23aa9840c1b3}</UniqueIdentifier>
    </Filter>
    <Filter Include="Header Files\SoundManager">
      <UniqueIdentifier>{8de61ffd-8660-4fb8-a047-156d7ff294b4}</UniqueIdentifier>
    </Filter>
    <Filter Include="Source Files\SoundManager">
      <UniqueIdentifier>{248b8563-7c2b-4fa5-83f8-be8ac986b24c}</UniqueIdentifier>
    </Filter>
    <Filter Include="Header Files\UIManager">
      <UniqueIdentifier>{7e8b2e0b-bef1-4d08-9f69-5c0a7175e307}</UniqueIdentifier>
    </Filter>
    <Filter Include="Source Files\UIManager">
      <UniqueIdentifier>{9f21ae2f-ee38-4073-80c5-fff8a62248c0}</UniqueIdentifier>
    </Filter>
  </ItemGroup>
  <ItemGroup>
    <ClCompile Include="main.cpp">
      <Filter>Source Files</Filter>
    </ClCompile>
    <ClCompile Include="EventManager\EventManager.cpp">
      <Filter>Source Files\EventManager</Filter>
    </ClCompile>
    <ClCompile Include="SoundManager\SoundManager.cpp">
      <Filter>Source Files\SoundManager</Filter>
    </ClCompile>
    <ClCompile Include="SoundManager\Sound.cpp">
      <Filter>Source Files\SoundManager</Filter>
    </ClCompile>
    <ClCompile Include="UIManager\ImageComponent.cpp">
      <Filter>Source Files\UIManager</Filter>
    </ClCompile>
    <ClCompile Include="UIManager\TextComponent.cpp">
      <Filter>Source Files\UIManager</Filter>
    </ClCompile>
    <ClCompile Include="UIManager\UIComponent.cpp">
      <Filter>Source Files\UIManager</Filter>
    </ClCompile>
    <ClCompile Include="UIManager\UIManager.cpp">
      <Filter>Source Files\UIManager</Filter>
    </ClCompile>
    <ClCompile Include="MainScene.cpp">
      <Filter>Source Files</Filter>
    </ClCompile>
    <ClCompile Include="Game.cpp">
      <Filter>Source Files</Filter>
    </ClCompile>
    <ClCompile Include="PhysicsManager.cpp">
      <Filter>Source Files</Filter>
    </ClCompile>
    <ClCompile Include="CContactListener.cpp">
      <Filter>Source Files</Filter>
    </ClCompile>
    <ClCompile Include="Vector2D.cpp">
      <Filter>Source Files</Filter>
    </ClCompile>
  </ItemGroup>
  <ItemGroup>
    <ClInclude Include="EventManager\EventManager.h">
      <Filter>Header Files\EventManager</Filter>
    </ClInclude>
    <ClInclude Include="EventManager\EventName.h">
      <Filter>Header Files\EventManager</Filter>
    </ClInclude>
    <ClInclude Include="EventManager\ISubscriber.h">
      <Filter>Header Files\EventManager</Filter>
    </ClInclude>
    <ClInclude Include="SoundManager\Sound.h">
      <Filter>Header Files\SoundManager</Filter>
    </ClInclude>
    <ClInclude Include="SoundManager\SoundManager.h">
      <Filter>Header Files\SoundManager</Filter>
    </ClInclude>
    <ClInclude Include="UIManager\ImageComponent.h">
      <Filter>Header Files\UIManager</Filter>
    </ClInclude>
    <ClInclude Include="UIManager\TextComponent.h">
      <Filter>Header Files\UIManager</Filter>
    </ClInclude>
    <ClInclude Include="UIManager\UIComponent.h">
      <Filter>Header Files\UIManager</Filter>
    </ClInclude>
    <ClInclude Include="UIManager\UIManager.h">
      <Filter>Header Files\UIManager</Filter>
    </ClInclude>
    <ClInclude Include="MainScene.h">
      <Filter>Header Files</Filter>
    </ClInclude>
    <ClInclude Include="Scene.h">
      <Filter>Header Files</Filter>
    </ClInclude>
    <ClInclude Include="Game.h">
      <Filter>Header Files</Filter>
    </ClInclude>
    <ClInclude Include="SoundManager\SoundParams.h">
      <Filter>Header Files\SoundManager</Filter>
    </ClInclude>
    <ClInclude Include="SoundManager\TrackParams.h">
      <Filter>Header Files\SoundManager</Filter>
    </ClInclude>
    <ClInclude Include="PhysicsManager.h">
      <Filter>Header Files</Filter>
    </ClInclude>
    <ClInclude Include="CContactListener.h">
      <Filter>Header Files</Filter>
    </ClInclude>
    <ClInclude Include="Vector2D.h">
      <Filter>Header Files</Filter>
    </ClInclude>
  </ItemGroup>
</Project>